
Microsoft Visual Studio Solution File, Format Version 12.00
# Visual Studio 14
VisualStudioVersion = 14.0.25420.1
MinimumVisualStudioVersion = 10.0.40219.1
Project("{FAE04EC0-301F-11D3-BF4B-00C04F79EFBC}") = "XFormsWeek01", "XFormsWeek01\XFormsWeek01\XFormsWeek01.csproj", "{59155707-B6CF-431C-98C0-D614C3EEF817}"
EndProject
Project("{FAE04EC0-301F-11D3-BF4B-00C04F79EFBC}") = "XFormsWeek01.Droid", "XFormsWeek01\XFormsWeek01.Droid\XFormsWeek01.Droid.csproj", "{47B8BDBB-8FD0-4DBF-BC59-F274E13945FF}"
EndProject
Project("{FAE04EC0-301F-11D3-BF4B-00C04F79EFBC}") = "XFormsWeek01.iOS", "XFormsWeek01\XFormsWeek01.iOS\XFormsWeek01.iOS.csproj", "{7463A2C5-425E-44BF-9AC2-50AF973A5865}"
EndProject
Project("{FAE04EC0-301F-11D3-BF4B-00C04F79EFBC}") = "XFormsWeek01.WinPhone", "XFormsWeek01\XFormsWeek01.WinPhone\XFormsWeek01.WinPhone.csproj", "{1309408E-06C7-4D2A-A1FC-5CE3C9A21486}"
EndProject
Project("{FAE04EC0-301F-11D3-BF4B-00C04F79EFBC}") = "XFormsWeek01.Windows", "XFormsWeek01\XFormsWeek01.Windows\XFormsWeek01.Windows.csproj", "{8ABFB52C-D5B4-489D-83C9-9DA088DE4CD1}"
EndProject
Global
	GlobalSection(SolutionConfigurationPlatforms) = preSolution
		Ad-Hoc|Any CPU = Ad-Hoc|Any CPU
		Ad-Hoc|ARM = Ad-Hoc|ARM
		Ad-Hoc|iPhone = Ad-Hoc|iPhone
		Ad-Hoc|iPhoneSimulator = Ad-Hoc|iPhoneSimulator
		Ad-Hoc|x64 = Ad-Hoc|x64
		Ad-Hoc|x86 = Ad-Hoc|x86
		AppStore|Any CPU = AppStore|Any CPU
		AppStore|ARM = AppStore|ARM
		AppStore|iPhone = AppStore|iPhone
		AppStore|iPhoneSimulator = AppStore|iPhoneSimulator
		AppStore|x64 = AppStore|x64
		AppStore|x86 = AppStore|x86
		Debug|Any CPU = Debug|Any CPU
		Debug|ARM = Debug|ARM
		Debug|iPhone = Debug|iPhone
		Debug|iPhoneSimulator = Debug|iPhoneSimulator
		Debug|x64 = Debug|x64
		Debug|x86 = Debug|x86
		Release|Any CPU = Release|Any CPU
		Release|ARM = Release|ARM
		Release|iPhone = Release|iPhone
		Release|iPhoneSimulator = Release|iPhoneSimulator
		Release|x64 = Release|x64
		Release|x86 = Release|x86
	EndGlobalSection
	GlobalSection(ProjectConfigurationPlatforms) = postSolution
		{59155707-B6CF-431C-98C0-D614C3EEF817}.Ad-Hoc|Any CPU.ActiveCfg = Release|Any CPU
		{59155707-B6CF-431C-98C0-D614C3EEF817}.Ad-Hoc|Any CPU.Build.0 = Release|Any CPU
		{59155707-B6CF-431C-98C0-D614C3EEF817}.Ad-Hoc|ARM.ActiveCfg = Release|Any CPU
		{59155707-B6CF-431C-98C0-D614C3EEF817}.Ad-Hoc|ARM.Build.0 = Release|Any CPU
		{59155707-B6CF-431C-98C0-D614C3EEF817}.Ad-Hoc|iPhone.ActiveCfg = Release|Any CPU
		{59155707-B6CF-431C-98C0-D614C3EEF817}.Ad-Hoc|iPhone.Build.0 = Release|Any CPU
		{59155707-B6CF-431C-98C0-D614C3EEF817}.Ad-Hoc|iPhoneSimulator.ActiveCfg = Release|Any CPU
		{59155707-B6CF-431C-98C0-D614C3EEF817}.Ad-Hoc|iPhoneSimulator.Build.0 = Release|Any CPU
		{59155707-B6CF-431C-98C0-D614C3EEF817}.Ad-Hoc|x64.ActiveCfg = Release|Any CPU
		{59155707-B6CF-431C-98C0-D614C3EEF817}.Ad-Hoc|x64.Build.0 = Release|Any CPU
		{59155707-B6CF-431C-98C0-D614C3EEF817}.Ad-Hoc|x86.ActiveCfg = Release|Any CPU
		{59155707-B6CF-431C-98C0-D614C3EEF817}.Ad-Hoc|x86.Build.0 = Release|Any CPU
		{59155707-B6CF-431C-98C0-D614C3EEF817}.AppStore|Any CPU.ActiveCfg = Release|Any CPU
		{59155707-B6CF-431C-98C0-D614C3EEF817}.AppStore|Any CPU.Build.0 = Release|Any CPU
		{59155707-B6CF-431C-98C0-D614C3EEF817}.AppStore|ARM.ActiveCfg = Release|Any CPU
		{59155707-B6CF-431C-98C0-D614C3EEF817}.AppStore|ARM.Build.0 = Release|Any CPU
		{59155707-B6CF-431C-98C0-D614C3EEF817}.AppStore|iPhone.ActiveCfg = Release|Any CPU
		{59155707-B6CF-431C-98C0-D614C3EEF817}.AppStore|iPhone.Build.0 = Release|Any CPU
		{59155707-B6CF-431C-98C0-D614C3EEF817}.AppStore|iPhoneSimulator.ActiveCfg = Release|Any CPU
		{59155707-B6CF-431C-98C0-D614C3EEF817}.AppStore|iPhoneSimulator.Build.0 = Release|Any CPU
		{59155707-B6CF-431C-98C0-D614C3EEF817}.AppStore|x64.ActiveCfg = Release|Any CPU
		{59155707-B6CF-431C-98C0-D614C3EEF817}.AppStore|x64.Build.0 = Release|Any CPU
		{59155707-B6CF-431C-98C0-D614C3EEF817}.AppStore|x86.ActiveCfg = Release|Any CPU
		{59155707-B6CF-431C-98C0-D614C3EEF817}.AppStore|x86.Build.0 = Release|Any CPU
		{59155707-B6CF-431C-98C0-D614C3EEF817}.Debug|Any CPU.ActiveCfg = Debug|Any CPU
		{59155707-B6CF-431C-98C0-D614C3EEF817}.Debug|Any CPU.Build.0 = Debug|Any CPU
		{59155707-B6CF-431C-98C0-D614C3EEF817}.Debug|ARM.ActiveCfg = Debug|Any CPU
		{59155707-B6CF-431C-98C0-D614C3EEF817}.Debug|ARM.Build.0 = Debug|Any CPU
		{59155707-B6CF-431C-98C0-D614C3EEF817}.Debug|iPhone.ActiveCfg = Debug|Any CPU
		{59155707-B6CF-431C-98C0-D614C3EEF817}.Debug|iPhone.Build.0 = Debug|Any CPU
		{59155707-B6CF-431C-98C0-D614C3EEF817}.Debug|iPhoneSimulator.ActiveCfg = Debug|Any CPU
		{59155707-B6CF-431C-98C0-D614C3EEF817}.Debug|iPhoneSimulator.Build.0 = Debug|Any CPU
		{59155707-B6CF-431C-98C0-D614C3EEF817}.Debug|x64.ActiveCfg = Debug|Any CPU
		{59155707-B6CF-431C-98C0-D614C3EEF817}.Debug|x64.Build.0 = Debug|Any CPU
		{59155707-B6CF-431C-98C0-D614C3EEF817}.Debug|x86.ActiveCfg = Debug|Any CPU
		{59155707-B6CF-431C-98C0-D614C3EEF817}.Debug|x86.Build.0 = Debug|Any CPU
		{59155707-B6CF-431C-98C0-D614C3EEF817}.Release|Any CPU.ActiveCfg = Release|Any CPU
		{59155707-B6CF-431C-98C0-D614C3EEF817}.Release|Any CPU.Build.0 = Release|Any CPU
		{59155707-B6CF-431C-98C0-D614C3EEF817}.Release|ARM.ActiveCfg = Release|Any CPU
		{59155707-B6CF-431C-98C0-D614C3EEF817}.Release|ARM.Build.0 = Release|Any CPU
		{59155707-B6CF-431C-98C0-D614C3EEF817}.Release|iPhone.ActiveCfg = Release|Any CPU
		{59155707-B6CF-431C-98C0-D614C3EEF817}.Release|iPhone.Build.0 = Release|Any CPU
		{59155707-B6CF-431C-98C0-D614C3EEF817}.Release|iPhoneSimulator.ActiveCfg = Release|Any CPU
		{59155707-B6CF-431C-98C0-D614C3EEF817}.Release|iPhoneSimulator.Build.0 = Release|Any CPU
		{59155707-B6CF-431C-98C0-D614C3EEF817}.Release|x64.ActiveCfg = Release|Any CPU
		{59155707-B6CF-431C-98C0-D614C3EEF817}.Release|x64.Build.0 = Release|Any CPU
		{59155707-B6CF-431C-98C0-D614C3EEF817}.Release|x86.ActiveCfg = Release|Any CPU
		{59155707-B6CF-431C-98C0-D614C3EEF817}.Release|x86.Build.0 = Release|Any CPU
		{47B8BDBB-8FD0-4DBF-BC59-F274E13945FF}.Ad-Hoc|Any CPU.ActiveCfg = Release|Any CPU
		{47B8BDBB-8FD0-4DBF-BC59-F274E13945FF}.Ad-Hoc|Any CPU.Build.0 = Release|Any CPU
		{47B8BDBB-8FD0-4DBF-BC59-F274E13945FF}.Ad-Hoc|Any CPU.Deploy.0 = Release|Any CPU
		{47B8BDBB-8FD0-4DBF-BC59-F274E13945FF}.Ad-Hoc|ARM.ActiveCfg = Release|Any CPU
		{47B8BDBB-8FD0-4DBF-BC59-F274E13945FF}.Ad-Hoc|ARM.Build.0 = Release|Any CPU
		{47B8BDBB-8FD0-4DBF-BC59-F274E13945FF}.Ad-Hoc|ARM.Deploy.0 = Release|Any CPU
		{47B8BDBB-8FD0-4DBF-BC59-F274E13945FF}.Ad-Hoc|iPhone.ActiveCfg = Release|Any CPU
		{47B8BDBB-8FD0-4DBF-BC59-F274E13945FF}.Ad-Hoc|iPhone.Build.0 = Release|Any CPU
		{47B8BDBB-8FD0-4DBF-BC59-F274E13945FF}.Ad-Hoc|iPhone.Deploy.0 = Release|Any CPU
		{47B8BDBB-8FD0-4DBF-BC59-F274E13945FF}.Ad-Hoc|iPhoneSimulator.ActiveCfg = Release|Any CPU
		{47B8BDBB-8FD0-4DBF-BC59-F274E13945FF}.Ad-Hoc|iPhoneSimulator.Build.0 = Release|Any CPU
		{47B8BDBB-8FD0-4DBF-BC59-F274E13945FF}.Ad-Hoc|iPhoneSimulator.Deploy.0 = Release|Any CPU
		{47B8BDBB-8FD0-4DBF-BC59-F274E13945FF}.Ad-Hoc|x64.ActiveCfg = Release|Any CPU
		{47B8BDBB-8FD0-4DBF-BC59-F274E13945FF}.Ad-Hoc|x64.Build.0 = Release|Any CPU
		{47B8BDBB-8FD0-4DBF-BC59-F274E13945FF}.Ad-Hoc|x64.Deploy.0 = Release|Any CPU
		{47B8BDBB-8FD0-4DBF-BC59-F274E13945FF}.Ad-Hoc|x86.ActiveCfg = Release|Any CPU
		{47B8BDBB-8FD0-4DBF-BC59-F274E13945FF}.Ad-Hoc|x86.Build.0 = Release|Any CPU
		{47B8BDBB-8FD0-4DBF-BC59-F274E13945FF}.Ad-Hoc|x86.Deploy.0 = Release|Any CPU
		{47B8BDBB-8FD0-4DBF-BC59-F274E13945FF}.AppStore|Any CPU.ActiveCfg = Release|Any CPU
		{47B8BDBB-8FD0-4DBF-BC59-F274E13945FF}.AppStore|Any CPU.Build.0 = Release|Any CPU
		{47B8BDBB-8FD0-4DBF-BC59-F274E13945FF}.AppStore|Any CPU.Deploy.0 = Release|Any CPU
		{47B8BDBB-8FD0-4DBF-BC59-F274E13945FF}.AppStore|ARM.ActiveCfg = Release|Any CPU
		{47B8BDBB-8FD0-4DBF-BC59-F274E13945FF}.AppStore|ARM.Build.0 = Release|Any CPU
		{47B8BDBB-8FD0-4DBF-BC59-F274E13945FF}.AppStore|ARM.Deploy.0 = Release|Any CPU
		{47B8BDBB-8FD0-4DBF-BC59-F274E13945FF}.AppStore|iPhone.ActiveCfg = Release|Any CPU
		{47B8BDBB-8FD0-4DBF-BC59-F274E13945FF}.AppStore|iPhone.Build.0 = Release|Any CPU
		{47B8BDBB-8FD0-4DBF-BC59-F274E13945FF}.AppStore|iPhone.Deploy.0 = Release|Any CPU
		{47B8BDBB-8FD0-4DBF-BC59-F274E13945FF}.AppStore|iPhoneSimulator.ActiveCfg = Release|Any CPU
		{47B8BDBB-8FD0-4DBF-BC59-F274E13945FF}.AppStore|iPhoneSimulator.Build.0 = Release|Any CPU
		{47B8BDBB-8FD0-4DBF-BC59-F274E13945FF}.AppStore|iPhoneSimulator.Deploy.0 = Release|Any CPU
		{47B8BDBB-8FD0-4DBF-BC59-F274E13945FF}.AppStore|x64.ActiveCfg = Release|Any CPU
		{47B8BDBB-8FD0-4DBF-BC59-F274E13945FF}.AppStore|x64.Build.0 = Release|Any CPU
		{47B8BDBB-8FD0-4DBF-BC59-F274E13945FF}.AppStore|x64.Deploy.0 = Release|Any CPU
		{47B8BDBB-8FD0-4DBF-BC59-F274E13945FF}.AppStore|x86.ActiveCfg = Release|Any CPU
		{47B8BDBB-8FD0-4DBF-BC59-F274E13945FF}.AppStore|x86.Build.0 = Release|Any CPU
		{47B8BDBB-8FD0-4DBF-BC59-F274E13945FF}.AppStore|x86.Deploy.0 = Release|Any CPU
		{47B8BDBB-8FD0-4DBF-BC59-F274E13945FF}.Debug|Any CPU.ActiveCfg = Debug|Any CPU
		{47B8BDBB-8FD0-4DBF-BC59-F274E13945FF}.Debug|Any CPU.Build.0 = Debug|Any CPU
		{47B8BDBB-8FD0-4DBF-BC59-F274E13945FF}.Debug|Any CPU.Deploy.0 = Debug|Any CPU
		{47B8BDBB-8FD0-4DBF-BC59-F274E13945FF}.Debug|ARM.ActiveCfg = Debug|Any CPU
		{47B8BDBB-8FD0-4DBF-BC59-F274E13945FF}.Debug|ARM.Build.0 = Debug|Any CPU
		{47B8BDBB-8FD0-4DBF-BC59-F274E13945FF}.Debug|ARM.Deploy.0 = Debug|Any CPU
		{47B8BDBB-8FD0-4DBF-BC59-F274E13945FF}.Debug|iPhone.ActiveCfg = Debug|Any CPU
		{47B8BDBB-8FD0-4DBF-BC59-F274E13945FF}.Debug|iPhone.Build.0 = Debug|Any CPU
		{47B8BDBB-8FD0-4DBF-BC59-F274E13945FF}.Debug|iPhone.Deploy.0 = Debug|Any CPU
		{47B8BDBB-8FD0-4DBF-BC59-F274E13945FF}.Debug|iPhoneSimulator.ActiveCfg = Debug|Any CPU
		{47B8BDBB-8FD0-4DBF-BC59-F274E13945FF}.Debug|iPhoneSimulator.Build.0 = Debug|Any CPU
		{47B8BDBB-8FD0-4DBF-BC59-F274E13945FF}.Debug|iPhoneSimulator.Deploy.0 = Debug|Any CPU
		{47B8BDBB-8FD0-4DBF-BC59-F274E13945FF}.Debug|x64.ActiveCfg = Debug|Any CPU
		{47B8BDBB-8FD0-4DBF-BC59-F274E13945FF}.Debug|x64.Build.0 = Debug|Any CPU
		{47B8BDBB-8FD0-4DBF-BC59-F274E13945FF}.Debug|x64.Deploy.0 = Debug|Any CPU
		{47B8BDBB-8FD0-4DBF-BC59-F274E13945FF}.Debug|x86.ActiveCfg = Debug|Any CPU
		{47B8BDBB-8FD0-4DBF-BC59-F274E13945FF}.Debug|x86.Build.0 = Debug|Any CPU
		{47B8BDBB-8FD0-4DBF-BC59-F274E13945FF}.Debug|x86.Deploy.0 = Debug|Any CPU
		{47B8BDBB-8FD0-4DBF-BC59-F274E13945FF}.Release|Any CPU.ActiveCfg = Release|Any CPU
		{47B8BDBB-8FD0-4DBF-BC59-F274E13945FF}.Release|Any CPU.Build.0 = Release|Any CPU
		{47B8BDBB-8FD0-4DBF-BC59-F274E13945FF}.Release|Any CPU.Deploy.0 = Release|Any CPU
		{47B8BDBB-8FD0-4DBF-BC59-F274E13945FF}.Release|ARM.ActiveCfg = Release|Any CPU
		{47B8BDBB-8FD0-4DBF-BC59-F274E13945FF}.Release|ARM.Build.0 = Release|Any CPU
		{47B8BDBB-8FD0-4DBF-BC59-F274E13945FF}.Release|ARM.Deploy.0 = Release|Any CPU
		{47B8BDBB-8FD0-4DBF-BC59-F274E13945FF}.Release|iPhone.ActiveCfg = Release|Any CPU
		{47B8BDBB-8FD0-4DBF-BC59-F274E13945FF}.Release|iPhone.Build.0 = Release|Any CPU
		{47B8BDBB-8FD0-4DBF-BC59-F274E13945FF}.Release|iPhone.Deploy.0 = Release|Any CPU
		{47B8BDBB-8FD0-4DBF-BC59-F274E13945FF}.Release|iPhoneSimulator.ActiveCfg = Release|Any CPU
		{47B8BDBB-8FD0-4DBF-BC59-F274E13945FF}.Release|iPhoneSimulator.Build.0 = Release|Any CPU
		{47B8BDBB-8FD0-4DBF-BC59-F274E13945FF}.Release|iPhoneSimulator.Deploy.0 = Release|Any CPU
		{47B8BDBB-8FD0-4DBF-BC59-F274E13945FF}.Release|x64.ActiveCfg = Release|Any CPU
		{47B8BDBB-8FD0-4DBF-BC59-F274E13945FF}.Release|x64.Build.0 = Release|Any CPU
		{47B8BDBB-8FD0-4DBF-BC59-F274E13945FF}.Release|x64.Deploy.0 = Release|Any CPU
		{47B8BDBB-8FD0-4DBF-BC59-F274E13945FF}.Release|x86.ActiveCfg = Release|Any CPU
		{47B8BDBB-8FD0-4DBF-BC59-F274E13945FF}.Release|x86.Build.0 = Release|Any CPU
		{47B8BDBB-8FD0-4DBF-BC59-F274E13945FF}.Release|x86.Deploy.0 = Release|Any CPU
		{7463A2C5-425E-44BF-9AC2-50AF973A5865}.Ad-Hoc|Any CPU.ActiveCfg = Ad-Hoc|iPhone
		{7463A2C5-425E-44BF-9AC2-50AF973A5865}.Ad-Hoc|ARM.ActiveCfg = Ad-Hoc|iPhone
		{7463A2C5-425E-44BF-9AC2-50AF973A5865}.Ad-Hoc|iPhone.ActiveCfg = Ad-Hoc|iPhone
		{7463A2C5-425E-44BF-9AC2-50AF973A5865}.Ad-Hoc|iPhone.Build.0 = Ad-Hoc|iPhone
		{7463A2C5-425E-44BF-9AC2-50AF973A5865}.Ad-Hoc|iPhoneSimulator.ActiveCfg = Ad-Hoc|iPhoneSimulator
		{7463A2C5-425E-44BF-9AC2-50AF973A5865}.Ad-Hoc|iPhoneSimulator.Build.0 = Ad-Hoc|iPhoneSimulator
		{7463A2C5-425E-44BF-9AC2-50AF973A5865}.Ad-Hoc|x64.ActiveCfg = Ad-Hoc|iPhone
		{7463A2C5-425E-44BF-9AC2-50AF973A5865}.Ad-Hoc|x86.ActiveCfg = Ad-Hoc|iPhone
		{7463A2C5-425E-44BF-9AC2-50AF973A5865}.AppStore|Any CPU.ActiveCfg = AppStore|iPhone
		{7463A2C5-425E-44BF-9AC2-50AF973A5865}.AppStore|ARM.ActiveCfg = AppStore|iPhone
		{7463A2C5-425E-44BF-9AC2-50AF973A5865}.AppStore|iPhone.ActiveCfg = AppStore|iPhone
		{7463A2C5-425E-44BF-9AC2-50AF973A5865}.AppStore|iPhone.Build.0 = AppStore|iPhone
		{7463A2C5-425E-44BF-9AC2-50AF973A5865}.AppStore|iPhoneSimulator.ActiveCfg = AppStore|iPhoneSimulator
		{7463A2C5-425E-44BF-9AC2-50AF973A5865}.AppStore|iPhoneSimulator.Build.0 = AppStore|iPhoneSimulator
		{7463A2C5-425E-44BF-9AC2-50AF973A5865}.AppStore|x64.ActiveCfg = AppStore|iPhone
		{7463A2C5-425E-44BF-9AC2-50AF973A5865}.AppStore|x86.ActiveCfg = AppStore|iPhone
		{7463A2C5-425E-44BF-9AC2-50AF973A5865}.Debug|Any CPU.ActiveCfg = Debug|iPhone
		{7463A2C5-425E-44BF-9AC2-50AF973A5865}.Debug|ARM.ActiveCfg = Debug|iPhone
		{7463A2C5-425E-44BF-9AC2-50AF973A5865}.Debug|iPhone.ActiveCfg = Debug|iPhone
		{7463A2C5-425E-44BF-9AC2-50AF973A5865}.Debug|iPhone.Build.0 = Debug|iPhone
		{7463A2C5-425E-44BF-9AC2-50AF973A5865}.Debug|iPhoneSimulator.ActiveCfg = Debug|iPhoneSimulator
		{7463A2C5-425E-44BF-9AC2-50AF973A5865}.Debug|iPhoneSimulator.Build.0 = Debug|iPhoneSimulator
		{7463A2C5-425E-44BF-9AC2-50AF973A5865}.Debug|x64.ActiveCfg = Debug|iPhone
		{7463A2C5-425E-44BF-9AC2-50AF973A5865}.Debug|x86.ActiveCfg = Debug|iPhone
		{7463A2C5-425E-44BF-9AC2-50AF973A5865}.Release|Any CPU.ActiveCfg = Release|iPhone
		{7463A2C5-425E-44BF-9AC2-50AF973A5865}.Release|ARM.ActiveCfg = Release|iPhone
		{7463A2C5-425E-44BF-9AC2-50AF973A5865}.Release|iPhone.ActiveCfg = Release|iPhone
		{7463A2C5-425E-44BF-9AC2-50AF973A5865}.Release|iPhone.Build.0 = Release|iPhone
		{7463A2C5-425E-44BF-9AC2-50AF973A5865}.Release|iPhoneSimulator.ActiveCfg = Release|iPhoneSimulator
		{7463A2C5-425E-44BF-9AC2-50AF973A5865}.Release|iPhoneSimulator.Build.0 = Release|iPhoneSimulator
		{7463A2C5-425E-44BF-9AC2-50AF973A5865}.Release|x64.ActiveCfg = Release|iPhone
		{7463A2C5-425E-44BF-9AC2-50AF973A5865}.Release|x86.ActiveCfg = Release|iPhone
		{1309408E-06C7-4D2A-A1FC-5CE3C9A21486}.Ad-Hoc|Any CPU.ActiveCfg = Release|Any CPU
		{1309408E-06C7-4D2A-A1FC-5CE3C9A21486}.Ad-Hoc|Any CPU.Build.0 = Release|Any CPU
		{1309408E-06C7-4D2A-A1FC-5CE3C9A21486}.Ad-Hoc|Any CPU.Deploy.0 = Release|Any CPU
		{1309408E-06C7-4D2A-A1FC-5CE3C9A21486}.Ad-Hoc|ARM.ActiveCfg = Release|ARM
		{1309408E-06C7-4D2A-A1FC-5CE3C9A21486}.Ad-Hoc|ARM.Build.0 = Release|ARM
		{1309408E-06C7-4D2A-A1FC-5CE3C9A21486}.Ad-Hoc|ARM.Deploy.0 = Release|ARM
		{1309408E-06C7-4D2A-A1FC-5CE3C9A21486}.Ad-Hoc|iPhone.ActiveCfg = Release|Any CPU
		{1309408E-06C7-4D2A-A1FC-5CE3C9A21486}.Ad-Hoc|iPhone.Build.0 = Release|Any CPU
		{1309408E-06C7-4D2A-A1FC-5CE3C9A21486}.Ad-Hoc|iPhone.Deploy.0 = Release|Any CPU
		{1309408E-06C7-4D2A-A1FC-5CE3C9A21486}.Ad-Hoc|iPhoneSimulator.ActiveCfg = Release|Any CPU
		{1309408E-06C7-4D2A-A1FC-5CE3C9A21486}.Ad-Hoc|iPhoneSimulator.Build.0 = Release|Any CPU
		{1309408E-06C7-4D2A-A1FC-5CE3C9A21486}.Ad-Hoc|iPhoneSimulator.Deploy.0 = Release|Any CPU
		{1309408E-06C7-4D2A-A1FC-5CE3C9A21486}.Ad-Hoc|x64.ActiveCfg = Release|Any CPU
		{1309408E-06C7-4D2A-A1FC-5CE3C9A21486}.Ad-Hoc|x64.Build.0 = Release|Any CPU
		{1309408E-06C7-4D2A-A1FC-5CE3C9A21486}.Ad-Hoc|x64.Deploy.0 = Release|Any CPU
		{1309408E-06C7-4D2A-A1FC-5CE3C9A21486}.Ad-Hoc|x86.ActiveCfg = Release|x86
		{1309408E-06C7-4D2A-A1FC-5CE3C9A21486}.Ad-Hoc|x86.Build.0 = Release|x86
		{1309408E-06C7-4D2A-A1FC-5CE3C9A21486}.Ad-Hoc|x86.Deploy.0 = Release|x86
		{1309408E-06C7-4D2A-A1FC-5CE3C9A21486}.AppStore|Any CPU.ActiveCfg = Release|Any CPU
		{1309408E-06C7-4D2A-A1FC-5CE3C9A21486}.AppStore|Any CPU.Build.0 = Release|Any CPU
		{1309408E-06C7-4D2A-A1FC-5CE3C9A21486}.AppStore|Any CPU.Deploy.0 = Release|Any CPU
		{1309408E-06C7-4D2A-A1FC-5CE3C9A21486}.AppStore|ARM.ActiveCfg = Release|ARM
		{1309408E-06C7-4D2A-A1FC-5CE3C9A21486}.AppStore|ARM.Build.0 = Release|ARM
		{1309408E-06C7-4D2A-A1FC-5CE3C9A21486}.AppStore|ARM.Deploy.0 = Release|ARM
		{1309408E-06C7-4D2A-A1FC-5CE3C9A21486}.AppStore|iPhone.ActiveCfg = Release|Any CPU
		{1309408E-06C7-4D2A-A1FC-5CE3C9A21486}.AppStore|iPhone.Build.0 = Release|Any CPU
		{1309408E-06C7-4D2A-A1FC-5CE3C9A21486}.AppStore|iPhone.Deploy.0 = Release|Any CPU
		{1309408E-06C7-4D2A-A1FC-5CE3C9A21486}.AppStore|iPhoneSimulator.ActiveCfg = Release|Any CPU
		{1309408E-06C7-4D2A-A1FC-5CE3C9A21486}.AppStore|iPhoneSimulator.Build.0 = Release|Any CPU
		{1309408E-06C7-4D2A-A1FC-5CE3C9A21486}.AppStore|iPhoneSimulator.Deploy.0 = Release|Any CPU
		{1309408E-06C7-4D2A-A1FC-5CE3C9A21486}.AppStore|x64.ActiveCfg = Release|Any CPU
		{1309408E-06C7-4D2A-A1FC-5CE3C9A21486}.AppStore|x64.Build.0 = Release|Any CPU
		{1309408E-06C7-4D2A-A1FC-5CE3C9A21486}.AppStore|x64.Deploy.0 = Release|Any CPU
		{1309408E-06C7-4D2A-A1FC-5CE3C9A21486}.AppStore|x86.ActiveCfg = Release|x86
		{1309408E-06C7-4D2A-A1FC-5CE3C9A21486}.AppStore|x86.Build.0 = Release|x86
		{1309408E-06C7-4D2A-A1FC-5CE3C9A21486}.AppStore|x86.Deploy.0 = Release|x86
		{1309408E-06C7-4D2A-A1FC-5CE3C9A21486}.Debug|Any CPU.ActiveCfg = Debug|Any CPU
		{1309408E-06C7-4D2A-A1FC-5CE3C9A21486}.Debug|Any CPU.Build.0 = Debug|Any CPU
		{1309408E-06C7-4D2A-A1FC-5CE3C9A21486}.Debug|Any CPU.Deploy.0 = Debug|Any CPU
		{1309408E-06C7-4D2A-A1FC-5CE3C9A21486}.Debug|ARM.ActiveCfg = Debug|ARM
		{1309408E-06C7-4D2A-A1FC-5CE3C9A21486}.Debug|ARM.Build.0 = Debug|ARM
		{1309408E-06C7-4D2A-A1FC-5CE3C9A21486}.Debug|ARM.Deploy.0 = Debug|ARM
		{1309408E-06C7-4D2A-A1FC-5CE3C9A21486}.Debug|iPhone.ActiveCfg = Debug|Any CPU
		{1309408E-06C7-4D2A-A1FC-5CE3C9A21486}.Debug|iPhone.Build.0 = Debug|Any CPU
		{1309408E-06C7-4D2A-A1FC-5CE3C9A21486}.Debug|iPhone.Deploy.0 = Debug|Any CPU
		{1309408E-06C7-4D2A-A1FC-5CE3C9A21486}.Debug|iPhoneSimulator.ActiveCfg = Debug|Any CPU
		{1309408E-06C7-4D2A-A1FC-5CE3C9A21486}.Debug|iPhoneSimulator.Build.0 = Debug|Any CPU
		{1309408E-06C7-4D2A-A1FC-5CE3C9A21486}.Debug|iPhoneSimulator.Deploy.0 = Debug|Any CPU
		{1309408E-06C7-4D2A-A1FC-5CE3C9A21486}.Debug|x64.ActiveCfg = Debug|Any CPU
		{1309408E-06C7-4D2A-A1FC-5CE3C9A21486}.Debug|x64.Build.0 = Debug|Any CPU
		{1309408E-06C7-4D2A-A1FC-5CE3C9A21486}.Debug|x64.Deploy.0 = Debug|Any CPU
		{1309408E-06C7-4D2A-A1FC-5CE3C9A21486}.Debug|x86.ActiveCfg = Debug|x86
		{1309408E-06C7-4D2A-A1FC-5CE3C9A21486}.Debug|x86.Build.0 = Debug|x86
		{1309408E-06C7-4D2A-A1FC-5CE3C9A21486}.Debug|x86.Deploy.0 = Debug|x86
		{1309408E-06C7-4D2A-A1FC-5CE3C9A21486}.Release|Any CPU.ActiveCfg = Release|Any CPU
		{1309408E-06C7-4D2A-A1FC-5CE3C9A21486}.Release|Any CPU.Build.0 = Release|Any CPU
		{1309408E-06C7-4D2A-A1FC-5CE3C9A21486}.Release|Any CPU.Deploy.0 = Release|Any CPU
		{1309408E-06C7-4D2A-A1FC-5CE3C9A21486}.Release|ARM.ActiveCfg = Release|ARM
		{1309408E-06C7-4D2A-A1FC-5CE3C9A21486}.Release|ARM.Build.0 = Release|ARM
		{1309408E-06C7-4D2A-A1FC-5CE3C9A21486}.Release|ARM.Deploy.0 = Release|ARM
		{1309408E-06C7-4D2A-A1FC-5CE3C9A21486}.Release|iPhone.ActiveCfg = Release|Any CPU
		{1309408E-06C7-4D2A-A1FC-5CE3C9A21486}.Release|iPhone.Build.0 = Release|Any CPU
		{1309408E-06C7-4D2A-A1FC-5CE3C9A21486}.Release|iPhone.Deploy.0 = Release|Any CPU
		{1309408E-06C7-4D2A-A1FC-5CE3C9A21486}.Release|iPhoneSimulator.ActiveCfg = Release|Any CPU
		{1309408E-06C7-4D2A-A1FC-5CE3C9A21486}.Release|iPhoneSimulator.Build.0 = Release|Any CPU
		{1309408E-06C7-4D2A-A1FC-5CE3C9A21486}.Release|iPhoneSimulator.Deploy.0 = Release|Any CPU
		{1309408E-06C7-4D2A-A1FC-5CE3C9A21486}.Release|x64.ActiveCfg = Release|Any CPU
		{1309408E-06C7-4D2A-A1FC-5CE3C9A21486}.Release|x64.Build.0 = Release|Any CPU
		{1309408E-06C7-4D2A-A1FC-5CE3C9A21486}.Release|x64.Deploy.0 = Release|Any CPU
		{1309408E-06C7-4D2A-A1FC-5CE3C9A21486}.Release|x86.ActiveCfg = Release|x86
		{1309408E-06C7-4D2A-A1FC-5CE3C9A21486}.Release|x86.Build.0 = Release|x86
		{1309408E-06C7-4D2A-A1FC-5CE3C9A21486}.Release|x86.Deploy.0 = Release|x86
		{8ABFB52C-D5B4-489D-83C9-9DA088DE4CD1}.Ad-Hoc|Any CPU.ActiveCfg = Release|Any CPU
		{8ABFB52C-D5B4-489D-83C9-9DA088DE4CD1}.Ad-Hoc|Any CPU.Build.0 = Release|Any CPU
		{8ABFB52C-D5B4-489D-83C9-9DA088DE4CD1}.Ad-Hoc|Any CPU.Deploy.0 = Release|Any CPU
		{8ABFB52C-D5B4-489D-83C9-9DA088DE4CD1}.Ad-Hoc|ARM.ActiveCfg = Release|ARM
		{8ABFB52C-D5B4-489D-83C9-9DA088DE4CD1}.Ad-Hoc|ARM.Build.0 = Release|ARM
		{8ABFB52C-D5B4-489D-83C9-9DA088DE4CD1}.Ad-Hoc|ARM.Deploy.0 = Release|ARM
		{8ABFB52C-D5B4-489D-83C9-9DA088DE4CD1}.Ad-Hoc|iPhone.ActiveCfg = Release|Any CPU
		{8ABFB52C-D5B4-489D-83C9-9DA088DE4CD1}.Ad-Hoc|iPhone.Build.0 = Release|Any CPU
		{8ABFB52C-D5B4-489D-83C9-9DA088DE4CD1}.Ad-Hoc|iPhone.Deploy.0 = Release|Any CPU
		{8ABFB52C-D5B4-489D-83C9-9DA088DE4CD1}.Ad-Hoc|iPhoneSimulator.ActiveCfg = Release|Any CPU
		{8ABFB52C-D5B4-489D-83C9-9DA088DE4CD1}.Ad-Hoc|iPhoneSimulator.Build.0 = Release|Any CPU
		{8ABFB52C-D5B4-489D-83C9-9DA088DE4CD1}.Ad-Hoc|iPhoneSimulator.Deploy.0 = Release|Any CPU
		{8ABFB52C-D5B4-489D-83C9-9DA088DE4CD1}.Ad-Hoc|x64.ActiveCfg = Release|x64
		{8ABFB52C-D5B4-489D-83C9-9DA088DE4CD1}.Ad-Hoc|x64.Build.0 = Release|x64
		{8ABFB52C-D5B4-489D-83C9-9DA088DE4CD1}.Ad-Hoc|x64.Deploy.0 = Release|x64
		{8ABFB52C-D5B4-489D-83C9-9DA088DE4CD1}.Ad-Hoc|x86.ActiveCfg = Release|x86
		{8ABFB52C-D5B4-489D-83C9-9DA088DE4CD1}.Ad-Hoc|x86.Build.0 = Release|x86
		{8ABFB52C-D5B4-489D-83C9-9DA088DE4CD1}.Ad-Hoc|x86.Deploy.0 = Release|x86
		{8ABFB52C-D5B4-489D-83C9-9DA088DE4CD1}.AppStore|Any CPU.ActiveCfg = Release|Any CPU
		{8ABFB52C-D5B4-489D-83C9-9DA088DE4CD1}.AppStore|Any CPU.Build.0 = Release|Any CPU
		{8ABFB52C-D5B4-489D-83C9-9DA088DE4CD1}.AppStore|Any CPU.Deploy.0 = Release|Any CPU
		{8ABFB52C-D5B4-489D-83C9-9DA088DE4CD1}.AppStore|ARM.ActiveCfg = Release|ARM
		{8ABFB52C-D5B4-489D-83C9-9DA088DE4CD1}.AppStore|ARM.Build.0 = Release|ARM
		{8ABFB52C-D5B4-489D-83C9-9DA088DE4CD1}.AppStore|ARM.Deploy.0 = Release|ARM
		{8ABFB52C-D5B4-489D-83C9-9DA088DE4CD1}.AppStore|iPhone.ActiveCfg = Release|Any CPU
		{8ABFB52C-D5B4-489D-83C9-9DA088DE4CD1}.AppStore|iPhone.Build.0 = Release|Any CPU
		{8ABFB52C-D5B4-489D-83C9-9DA088DE4CD1}.AppStore|iPhone.Deploy.0 = Release|Any CPU
		{8ABFB52C-D5B4-489D-83C9-9DA088DE4CD1}.AppStore|iPhoneSimulator.ActiveCfg = Release|Any CPU
		{8ABFB52C-D5B4-489D-83C9-9DA088DE4CD1}.AppStore|iPhoneSimulator.Build.0 = Release|Any CPU
		{8ABFB52C-D5B4-489D-83C9-9DA088DE4CD1}.AppStore|iPhoneSimulator.Deploy.0 = Release|Any CPU
		{8ABFB52C-D5B4-489D-83C9-9DA088DE4CD1}.AppStore|x64.ActiveCfg = Release|x64
		{8ABFB52C-D5B4-489D-83C9-9DA088DE4CD1}.AppStore|x64.Build.0 = Release|x64
		{8ABFB52C-D5B4-489D-83C9-9DA088DE4CD1}.AppStore|x64.Deploy.0 = Release|x64
		{8ABFB52C-D5B4-489D-83C9-9DA088DE4CD1}.AppStore|x86.ActiveCfg = Release|x86
		{8ABFB52C-D5B4-489D-83C9-9DA088DE4CD1}.AppStore|x86.Build.0 = Release|x86
		{8ABFB52C-D5B4-489D-83C9-9DA088DE4CD1}.AppStore|x86.Deploy.0 = Release|x86
		{8ABFB52C-D5B4-489D-83C9-9DA088DE4CD1}.Debug|Any CPU.ActiveCfg = Debug|Any CPU
		{8ABFB52C-D5B4-489D-83C9-9DA088DE4CD1}.Debug|Any CPU.Build.0 = Debug|Any CPU
		{8ABFB52C-D5B4-489D-83C9-9DA088DE4CD1}.Debug|Any CPU.Deploy.0 = Debug|Any CPU
		{8ABFB52C-D5B4-489D-83C9-9DA088DE4CD1}.Debug|ARM.ActiveCfg = Debug|ARM
		{8ABFB52C-D5B4-489D-83C9-9DA088DE4CD1}.Debug|ARM.Build.0 = Debug|ARM
		{8ABFB52C-D5B4-489D-83C9-9DA088DE4CD1}.Debug|ARM.Deploy.0 = Debug|ARM
		{8ABFB52C-D5B4-489D-83C9-9DA088DE4CD1}.Debug|iPhone.ActiveCfg = Debug|Any CPU
		{8ABFB52C-D5B4-489D-83C9-9DA088DE4CD1}.Debug|iPhone.Build.0 = Debug|Any CPU
		{8ABFB52C-D5B4-489D-83C9-9DA088DE4CD1}.Debug|iPhone.Deploy.0 = Debug|Any CPU
		{8ABFB52C-D5B4-489D-83C9-9DA088DE4CD1}.Debug|iPhoneSimulator.ActiveCfg = Debug|Any CPU
		{8ABFB52C-D5B4-489D-83C9-9DA088DE4CD1}.Debug|iPhoneSimulator.Build.0 = Debug|Any CPU
		{8ABFB52C-D5B4-489D-83C9-9DA088DE4CD1}.Debug|iPhoneSimulator.Deploy.0 = Debug|Any CPU
		{8ABFB52C-D5B4-489D-83C9-9DA088DE4CD1}.Debug|x64.ActiveCfg = Debug|x64
		{8ABFB52C-D5B4-489D-83C9-9DA088DE4CD1}.Debug|x64.Build.0 = Debug|x64
		{8ABFB52C-D5B4-489D-83C9-9DA088DE4CD1}.Debug|x64.Deploy.0 = Debug|x64
		{8ABFB52C-D5B4-489D-83C9-9DA088DE4CD1}.Debug|x86.ActiveCfg = Debug|x86
		{8ABFB52C-D5B4-489D-83C9-9DA088DE4CD1}.Debug|x86.Build.0 = Debug|x86
		{8ABFB52C-D5B4-489D-83C9-9DA088DE4CD1}.Debug|x86.Deploy.0 = Debug|x86
		{8ABFB52C-D5B4-489D-83C9-9DA088DE4CD1}.Release|Any CPU.ActiveCfg = Release|Any CPU
		{8ABFB52C-D5B4-489D-83C9-9DA088DE4CD1}.Release|Any CPU.Build.0 = Release|Any CPU
		{8ABFB52C-D5B4-489D-83C9-9DA088DE4CD1}.Release|Any CPU.Deploy.0 = Release|Any CPU
		{8ABFB52C-D5B4-489D-83C9-9DA088DE4CD1}.Release|ARM.ActiveCfg = Release|ARM
		{8ABFB52C-D5B4-489D-83C9-9DA088DE4CD1}.Release|ARM.Build.0 = Release|ARM
		{8ABFB52C-D5B4-489D-83C9-9DA088DE4CD1}.Release|ARM.Deploy.0 = Release|ARM
		{8ABFB52C-D5B4-489D-83C9-9DA088DE4CD1}.Release|iPhone.ActiveCfg = Release|Any CPU
		{8ABFB52C-D5B4-489D-83C9-9DA088DE4CD1}.Release|iPhone.Build.0 = Release|Any CPU
		{8ABFB52C-D5B4-489D-83C9-9DA088DE4CD1}.Release|iPhone.Deploy.0 = Release|Any CPU
		{8ABFB52C-D5B4-489D-83C9-9DA088DE4CD1}.Release|iPhoneSimulator.ActiveCfg = Release|Any CPU
		{8ABFB52C-D5B4-489D-83C9-9DA088DE4CD1}.Release|iPhoneSimulator.Build.0 = Release|Any CPU
		{8ABFB52C-D5B4-489D-83C9-9DA088DE4CD1}.Release|iPhoneSimulator.Deploy.0 = Release|Any CPU
		{8ABFB52C-D5B4-489D-83C9-9DA088DE4CD1}.Release|x64.ActiveCfg = Release|x64
		{8ABFB52C-D5B4-489D-83C9-9DA088DE4CD1}.Release|x64.Build.0 = Release|x64
		{8ABFB52C-D5B4-489D-83C9-9DA088DE4CD1}.Release|x64.Deploy.0 = Release|x64
		{8ABFB52C-D5B4-489D-83C9-9DA088DE4CD1}.Release|x86.ActiveCfg = Release|x86
		{8ABFB52C-D5B4-489D-83C9-9DA088DE4CD1}.Release|x86.Build.0 = Release|x86
		{8ABFB52C-D5B4-489D-83C9-9DA088DE4CD1}.Release|x86.Deploy.0 = Release|x86
	EndGlobalSection
	GlobalSection(SolutionProperties) = preSolution
		HideSolutionNode = FALSE
	EndGlobalSection
EndGlobal
